PODS:
  - Alamofire (3.4.1)
  - BFPaperButton (2.0.29):
    - UIColor+BFPaperColors
  - DropDown (0.1.5)
  - EXTView (0.1.0)
  - GoogleMaps (1.13.2)
  - Kingfisher (2.4.1)
  - NBMaterialDialogIOS (0.2.2):
    - BFPaperButton (~> 2.0.18)
  - ObjectMapper (1.3.0)
  - PageMenu (1.2.9)
  - R.swift (2.3.0):
    - R.swift.Library (~> 2.1.0)
  - R.swift.Library (2.1.0)
  - SwiftyJSON (2.3.2)
  - UIColor+BFPaperColors (1.7.2)

DEPENDENCIES:
  - Alamofire
  - DropDown
  - EXTView
  - GoogleMaps
  - Kingfisher
  - NBMaterialDialogIOS
  - ObjectMapper
  - PageMenu
  - R.swift
  - SwiftyJSON

SPEC CHECKSUMS:
  Alamofire: 01a82e2f6c0f860ade35534c8dd88be61bdef40c
  BFPaperButton: 7df738f2e749a9a4edd3e043f0621ee02215e417
  DropDown: addffd49f2a014e079ed854adcb3c5473c1ebdf2
  EXTView: db5ded8520d2023cadb1b9225fb1ad9406064f04
  GoogleMaps: b20a103ff307f58392e603cf142e59d7e30374c1
  Kingfisher: 41aed5b6c1ed8fa98cf6d75283ce89cf7890f517
  NBMaterialDialogIOS: f7aa80ee3b6c609bc70bbb8f340ba017627bce55
  ObjectMapper: 4eb08a726e9791a93b2632049951b56a7c17e471
  PageMenu: ba19ff267f7a19e444e93c20a7847b78954a7011
  R.swift: 38b2191a603c3d491a09baddfb4ccc7aa9be4d9d
  R.swift.Library: e5e077ed04f6867a95676af491650091b23518e9
  SwiftyJSON: 04ccea08915aa0109039157c7974cf0298da292a
  UIColor+BFPaperColors: 03101fe6c10ed00c6daae7c26553f1de41500853

PODFILE CHECKSUM: dfefa066663756bda947da464f7f933fbac5d18c

COCOAPODS: 1.0.0
